hash: f8fcc711ba38853d77c0b628d13f4710c458001bde4cecc4b08f2593b3980b26
updated: 2016-03-29T19:58:08.411118513-07:00
imports:
- name: github.com/aws/aws-sdk-go
  version: e7cf1e5986499eea7d4a87868f1eb578c8f2045a
- name: github.com/codegangsta/cli
  version: bc465becccd1d527002fda095fc3c19d9c115029
- name: github.com/nlopes/slack
  version: 5e8064e706a2cb3d2581c1298d9428db2c0984fa
- name: github.com/Sirupsen/logrus
  version: 4b6ea7319e214d98c938f12692336f7ca9348d6b
- name: golang.org/x/net
  version: 31df19d69da8728e9220def59b80ee577c3e48bf
  subpackages:
  - websocket
- name: golang.org/x/sys
  version: 320cb01ddbbf0473674c2585f9b6e245721de355
  subpackages:
  - unix
- name: gopkg.in/redis.v3
  version: d2ae7d870764d131887fa31a743bb50abbcf9384
devImports: []
