hash: 746c1d5bbef30acd77ae51a1d3795f1c1a1418dbfd5bd2775a10a9760f38f323
updated: 2016-03-29T17:03:12.379014666-07:00
imports:
- name: github.com/codegangsta/cli
  version: bc465becccd1d527002fda095fc3c19d9c115029
- name: github.com/gorilla/websocket
  version: e2e3d8414d0fbae04004f151979f4e27c6747fe7
- name: github.com/nlopes/slack
  version: 5e8064e706a2cb3d2581c1298d9428db2c0984fa
- name: github.com/Sirupsen/logrus
  version: 4b6ea7319e214d98c938f12692336f7ca9348d6b
- name: golang.org/x/net
  version: 31df19d69da8728e9220def59b80ee577c3e48bf
  subpackages:
  - websocket
- name: golang.org/x/sys
  version: 320cb01ddbbf0473674c2585f9b6e245721de355
  subpackages:
  - unix
- name: gopkg.in/redis.v3
  version: d2ae7d870764d131887fa31a743bb50abbcf9384
devImports: []
