hash: 144a3e4fee7b08eac3b15946324db896a1e0269173b98721b85fc7538b470ac1
updated: 2016-03-29T17:43:58.268318115-07:00
imports:
- name: github.com/codegangsta/cli
  version: bc465becccd1d527002fda095fc3c19d9c115029
- name: github.com/nlopes/slack
  version: 5e8064e706a2cb3d2581c1298d9428db2c0984fa
- name: github.com/Sirupsen/logrus
  version: 4b6ea7319e214d98c938f12692336f7ca9348d6b
- name: golang.org/x/net
  version: 31df19d69da8728e9220def59b80ee577c3e48bf
  subpackages:
  - websocket
- name: golang.org/x/sys
  version: 320cb01ddbbf0473674c2585f9b6e245721de355
  subpackages:
  - unix
- name: gopkg.in/redis.v3
  version: d2ae7d870764d131887fa31a743bb50abbcf9384
devImports: []
